github.com/denolteholding/hugo-mod-bootstrap-scss-js-v5 v0.0.0-20201219223127-cf91ac6c752f h1:gU/BaL2pZdcUUoyMPBxQDD3/mJ+MdGc2rPtNHQvMk+8=
github.com/denolteholding/hugo-mod-bootstrap-scss-js-v5 v0.0.0-20201219223127-cf91ac6c752f/go.mod h1:CWPRrjcrZDG7IfpToHUWYyZLr9iT5Z3PHc+rvQUqYps=
github.com/twbs/bootstrap v5.0.0-beta1+incompatible/go.mod h1:fZTSrkpSf0/HkL0IIJzvVspTt1r9zuf7XlZau8kpcY0=
